PODS:
  - Alamofire (5.10.2)
  - AppsFlyerFramework (6.17.1):
    - AppsFlyerFramework/Main (= 6.17.1)
  - AppsFlyerFramework/Main (6.17.1)

DEPENDENCIES:
  - Alamofire
  - AppsFlyerFramework

SPEC REPOS:
  trunk:
    - Alamofire
    - AppsFlyerFramework

SPEC CHECKSUMS:
  Alamofire: 7193b3b92c74a07f85569e1a6c4f4237291e7496
  AppsFlyerFramework: 11ef2dea3fa755f9ed8ba53267012ee1c62d7dc0

PODFILE CHECKSUM: 464775bb9b7b1c508ca97a7715c692052d834b96

COCOAPODS: 1.16.2
